
Microsoft Visual Studio Solution File, Format Version 12.00
# Visual Studio 2013
VisualStudioVersion = 12.0.21005.1
MinimumVisualStudioVersion = 10.0.40219.1
Project("{FAE04EC0-301F-11D3-BF4B-00C04F79EFBC}") = "Quiz", "Quiz\Quiz.csproj", "{17B1C5F3-0E71-4545-8E28-6BFBA68520C9}"
EndProject
Project("{FAE04EC0-301F-11D3-BF4B-00C04F79EFBC}") = "Quiz.Tests", "Quiz.Tests\Quiz.Tests.csproj", "{7F98A504-B7D6-4D1A-ACAA-27FDEBA79267}"
EndProject
Project("{CC5FD16D-436D-48AD-A40C-5A424C6E3E79}") = "Quiz.Azure", "Quiz.Azure\Quiz.Azure.ccproj", "{9925E22D-2B82-4C59-8218-96A0E676067A}"
EndProject
Global
	GlobalSection(SolutionConfigurationPlatforms) = preSolution
		Debug|Any CPU = Debug|Any CPU
		Release|Any CPU = Release|Any CPU
	EndGlobalSection
	GlobalSection(ProjectConfigurationPlatforms) = postSolution
		{17B1C5F3-0E71-4545-8E28-6BFBA68520C9}.Debug|Any CPU.ActiveCfg = Debug|Any CPU
		{17B1C5F3-0E71-4545-8E28-6BFBA68520C9}.Debug|Any CPU.Build.0 = Debug|Any CPU
		{17B1C5F3-0E71-4545-8E28-6BFBA68520C9}.Release|Any CPU.ActiveCfg = Release|Any CPU
		{17B1C5F3-0E71-4545-8E28-6BFBA68520C9}.Release|Any CPU.Build.0 = Release|Any CPU
		{7F98A504-B7D6-4D1A-ACAA-27FDEBA79267}.Debug|Any CPU.ActiveCfg = Debug|Any CPU
		{7F98A504-B7D6-4D1A-ACAA-27FDEBA79267}.Debug|Any CPU.Build.0 = Debug|Any CPU
		{7F98A504-B7D6-4D1A-ACAA-27FDEBA79267}.Release|Any CPU.ActiveCfg = Release|Any CPU
		{7F98A504-B7D6-4D1A-ACAA-27FDEBA79267}.Release|Any CPU.Build.0 = Release|Any CPU
		{9925E22D-2B82-4C59-8218-96A0E676067A}.Debug|Any CPU.ActiveCfg = Debug|Any CPU
		{9925E22D-2B82-4C59-8218-96A0E676067A}.Debug|Any CPU.Build.0 = Debug|Any CPU
		{9925E22D-2B82-4C59-8218-96A0E676067A}.Release|Any CPU.ActiveCfg = Release|Any CPU
		{9925E22D-2B82-4C59-8218-96A0E676067A}.Release|Any CPU.Build.0 = Release|Any CPU
	EndGlobalSection
	GlobalSection(SolutionProperties) = preSolution
		HideSolutionNode = FALSE
	EndGlobalSection
EndGlobal
